
Microsoft Visual Studio Solution File, Format Version 12.00
# Visual Studio Version 16
VisualStudioVersion = 16.0.30503.244
MinimumVisualStudioVersion = 10.0.40219.1
Project("{FAE04EC0-301F-11D3-BF4B-00C04F79EFBC}") = "SQLDBUtils", "SQLDBUtils\SQLDBUtils.csproj", "{3D0E1A69-3E0C-4A2D-BE45-D33282619BCF}"
EndProject
Global
	GlobalSection(SolutionConfigurationPlatforms) = preSolution
		Debug|Any CPU = Debug|Any CPU
		Release|Any CPU = Release|Any CPU
	EndGlobalSection
	GlobalSection(ProjectConfigurationPlatforms) = postSolution
		{3D0E1A69-3E0C-4A2D-BE45-D33282619BCF}.Debug|Any CPU.ActiveCfg = Debug|Any CPU
		{3D0E1A69-3E0C-4A2D-BE45-D33282619BCF}.Debug|Any CPU.Build.0 = Debug|Any CPU
		{3D0E1A69-3E0C-4A2D-BE45-D33282619BCF}.Release|Any CPU.ActiveCfg = Release|Any CPU
		{3D0E1A69-3E0C-4A2D-BE45-D33282619BCF}.Release|Any CPU.Build.0 = Release|Any CPU
	EndGlobalSection
	GlobalSection(SolutionProperties) = preSolution
		HideSolutionNode = FALSE
	EndGlobalSection
	GlobalSection(ExtensibilityGlobals) = postSolution
		SolutionGuid = {EBC5D37E-90AA-46CB-ACFD-7EDD992A5DA3}
	EndGlobalSection
EndGlobal
